
Microsoft Visual Studio Solution File, Format Version 12.00
# Visual Studio Version 17
VisualStudioVersion = 17.9.34622.214
MinimumVisualStudioVersion = 10.0.40219.1
Project("{9A19103F-16F7-4668-BE54-9A1E7A4F7556}") = "FacadePattern", "FacadePattern\FacadePattern.csproj", "{305B13AA-4A42-4B75-934B-B5A8A212D544}"
EndProject
Project("{9A19103F-16F7-4668-BE54-9A1E7A4F7556}") = "AdapterPattern", "AdapterPattern\AdapterPattern.csproj", "{4DB9CCEF-21C0-44E0-93E1-1AEC8CD64C7F}"
EndProject
Project("{9A19103F-16F7-4668-BE54-9A1E7A4F7556}") = "SingletonPattern", "SingletonPattern\SingletonPattern.csproj", "{A8D829D8-5594-498D-A87C-883D9A1F299E}"
EndProject
Project("{FAE04EC0-301F-11D3-BF4B-00C04F79EFBC}") = "BuilderPattern", "BuilderPattern\BuilderPattern.csproj", "{13B09526-ED9B-436E-AA55-B544FFEFC84F}"
EndProject
Global
	GlobalSection(SolutionConfigurationPlatforms) = preSolution
		Debug|Any CPU = Debug|Any CPU
		Release|Any CPU = Release|Any CPU
	EndGlobalSection
	GlobalSection(ProjectConfigurationPlatforms) = postSolution
		{305B13AA-4A42-4B75-934B-B5A8A212D544}.Debug|Any CPU.ActiveCfg = Debug|Any CPU
		{305B13AA-4A42-4B75-934B-B5A8A212D544}.Debug|Any CPU.Build.0 = Debug|Any CPU
		{305B13AA-4A42-4B75-934B-B5A8A212D544}.Release|Any CPU.ActiveCfg = Release|Any CPU
		{305B13AA-4A42-4B75-934B-B5A8A212D544}.Release|Any CPU.Build.0 = Release|Any CPU
		{4DB9CCEF-21C0-44E0-93E1-1AEC8CD64C7F}.Debug|Any CPU.ActiveCfg = Debug|Any CPU
		{4DB9CCEF-21C0-44E0-93E1-1AEC8CD64C7F}.Debug|Any CPU.Build.0 = Debug|Any CPU
		{4DB9CCEF-21C0-44E0-93E1-1AEC8CD64C7F}.Release|Any CPU.ActiveCfg = Release|Any CPU
		{4DB9CCEF-21C0-44E0-93E1-1AEC8CD64C7F}.Release|Any CPU.Build.0 = Release|Any CPU
		{A8D829D8-5594-498D-A87C-883D9A1F299E}.Debug|Any CPU.ActiveCfg = Debug|Any CPU
		{A8D829D8-5594-498D-A87C-883D9A1F299E}.Debug|Any CPU.Build.0 = Debug|Any CPU
		{A8D829D8-5594-498D-A87C-883D9A1F299E}.Release|Any CPU.ActiveCfg = Release|Any CPU
		{A8D829D8-5594-498D-A87C-883D9A1F299E}.Release|Any CPU.Build.0 = Release|Any CPU
		{13B09526-ED9B-436E-AA55-B544FFEFC84F}.Debug|Any CPU.ActiveCfg = Debug|Any CPU
		{13B09526-ED9B-436E-AA55-B544FFEFC84F}.Debug|Any CPU.Build.0 = Debug|Any CPU
		{13B09526-ED9B-436E-AA55-B544FFEFC84F}.Release|Any CPU.ActiveCfg = Release|Any CPU
		{13B09526-ED9B-436E-AA55-B544FFEFC84F}.Release|Any CPU.Build.0 = Release|Any CPU
	EndGlobalSection
	GlobalSection(SolutionProperties) = preSolution
		HideSolutionNode = FALSE
	EndGlobalSection
	GlobalSection(ExtensibilityGlobals) = postSolution
		SolutionGuid = {FE1DBC2A-D721-4DBC-A338-2B6B5F7C7EEE}
	EndGlobalSection
EndGlobal
